{
  "version": 1,
  "algorithm": "sha256-normalized-core-contract-v1",
  "surfaces": [
    {
      "name": "crux-domain-planner",
      "path": "crates/crux-domain/src/planner.rs",
      "hash": "83927c047320b24234b228d6e02ea9f40bb68ba599eceb9ea029bd16f28f5b5e"
    },
    {
      "name": "crux-runtime-recorder",
      "path": "crates/crux-runtime/src/recorder.rs",
      "hash": "8511687d69b8d8826fdad8752ebeac3085e9952c6063a0fe8c6ef3396b76bfab"
    },
    {
      "name": "crux-runtime-audit",
      "path": "crates/crux-runtime/src/audit.rs",
      "hash": "3c026897613a2accf2c99017102ecf26221adbf11f62ec0fa82e366923a80d59"
    },
    {
      "name": "crux-runtime-safety",
      "path": "crates/crux-runtime/src/safety.rs",
      "hash": "ddf308fdd858e5c29438b595fd247461a72cd7c81a5b58b97daaf7af6177da09"
    },
    {
      "name": "crux-runtime-agent",
      "path": "crates/crux-runtime/src/agent.rs",
      "hash": "aeef75bafbaac847f6b5281b321d995f3385cf940c4e4a29d61d19160ee00d1c"
    },
    {
      "name": "crux-runtime-approval",
      "path": "crates/crux-runtime/src/approval.rs",
      "hash": "367d10d9e0e9fdc64e69cf15a5b02e5bb15c8dd87aef09462558b8189f73a66d"
    },
    {
      "name": "crux-runtime-context",
      "path": "crates/crux-runtime/src/context.rs",
      "hash": "59744dccc13ae949cb535e767d275de2d947427b750843fe2a5fe17c22085516"
    },
    {
      "name": "crux-types-emission",
      "path": "crates/crux-types/src/emission.rs",
      "hash": "2db5fda847f731ecafe9377807297d2f57ed748e1d83919704d1db26385028f7"
    },
    {
      "name": "crux-script-step_runner",
      "path": "crates/crux-script/src/step_runner.rs",
      "hash": "0f8135f4dba6724582987be7d6f792d57affd6d9771097b2dc9cb822629de7be"
    },
    {
      "name": "crux-agentic-provider",
      "path": "crates/crux-agentic/src/provider.rs",
      "hash": "a7e38a8db1f0a62c78e6db9ddfda6358c88d0b2b4e6c015f7e1da86db14bfa75"
    },
    {
      "name": "crux-plugin-discovery",
      "path": "crates/crux-plugin/src/discovery.rs",
      "hash": "7e9b74fa8fad7735e3d8f07e2c82f908d1dc19920dd7765742108004c2016dcf"
    },
    {
      "name": "crux-improve-lib",
      "path": "crates/crux-improve/src/lib.rs",
      "hash": "8bc5c8acb6082aa6c0bae96fb72d3c8e3d264f0b193b608b92d818902a5953eb"
    },
    {
      "name": "crux-planner-generator",
      "path": "crates/crux-planner/src/generator.rs",
      "hash": "5cd96b067b7286f2abfe7ce1f5b8d3e4e8fb5a1b2fa676b2da579e3cd5bcab81"
    }
  ]
}
