{
  "version": 1,
  "algorithm": "sha256-normalized-core-contract-v1",
  "surfaces": [
    {
      "name": "crux-domain-planner",
      "path": "crates/crux-domain/src/planner.rs",
      "hash": "83927c047320b24234b228d6e02ea9f40bb68ba599eceb9ea029bd16f28f5b5e"
    },
    {
      "name": "crux-runtime-recorder",
      "path": "crates/crux-runtime/src/recorder.rs",
      "hash": "e5c4152d5adc998bf6d56ecb06e0dc4f84a9ae514b5f5a050e2e0cd8cc495c0e"
    },
    {
      "name": "crux-runtime-audit",
      "path": "crates/crux-runtime/src/audit.rs",
      "hash": "3c026897613a2accf2c99017102ecf26221adbf11f62ec0fa82e366923a80d59"
    },
    {
      "name": "crux-runtime-safety",
      "path": "crates/crux-runtime/src/safety.rs",
      "hash": "ddf308fdd858e5c29438b595fd247461a72cd7c81a5b58b97daaf7af6177da09"
    },
    {
      "name": "crux-runtime-agent",
      "path": "crates/crux-runtime/src/agent.rs",
      "hash": "f54a2cb044b0d2e74163452901c5cad83528195d07c498d75d29e60e011ef0b0"
    },
    {
      "name": "crux-runtime-approval",
      "path": "crates/crux-runtime/src/approval.rs",
      "hash": "367d10d9e0e9fdc64e69cf15a5b02e5bb15c8dd87aef09462558b8189f73a66d"
    },
    {
      "name": "crux-runtime-context",
      "path": "crates/crux-runtime/src/context.rs",
      "hash": "59744dccc13ae949cb535e767d275de2d947427b750843fe2a5fe17c22085516"
    },
    {
      "name": "crux-types-emission",
      "path": "crates/crux-types/src/emission.rs",
      "hash": "28e469fcb6a7601b59c01630c6ff79f124019c5f405abd579704ed03bd898860"
    },
    {
      "name": "crux-script-step_runner",
      "path": "crates/crux-script/src/step_runner.rs",
      "hash": "f20421090ac343535b80b92b515145040d56f83cc5f040584c199b9f7f12cb55"
    },
    {
      "name": "crux-agentic-provider",
      "path": "crates/crux-agentic/src/provider.rs",
      "hash": "a7e38a8db1f0a62c78e6db9ddfda6358c88d0b2b4e6c015f7e1da86db14bfa75"
    },
    {
      "name": "crux-plugin-discovery",
      "path": "crates/crux-plugin/src/discovery.rs",
      "hash": "7e9b74fa8fad7735e3d8f07e2c82f908d1dc19920dd7765742108004c2016dcf"
    },
    {
      "name": "crux-improve-lib",
      "path": "crates/crux-improve/src/lib.rs",
      "hash": "4feb19bba84816265267b146429f33e6e62722cbc672c225d158a476ed6ef389"
    },
    {
      "name": "crux-planner-generator",
      "path": "crates/crux-planner/src/generator.rs",
      "hash": "5cd96b067b7286f2abfe7ce1f5b8d3e4e8fb5a1b2fa676b2da579e3cd5bcab81"
    }
  ]
}
